
Microsoft Visual Studio Solution File, Format Version 12.00
# Visual Studio Version 17
VisualStudioVersion = 17.9.34622.214
MinimumVisualStudioVersion = 10.0.40219.1
Project("{FAE04EC0-301F-11D3-BF4B-00C04F79EFBC}") = "SenzoriTemperature", "SenzoriTemperature\SenzoriTemperature.csproj", "{B2FF7A69-D0E4-45D1-A104-ADC3BC24E25E}"
EndProject
Global
	GlobalSection(SolutionConfigurationPlatforms) = preSolution
		Debug|Any CPU = Debug|Any CPU
		Release|Any CPU = Release|Any CPU
	EndGlobalSection
	GlobalSection(ProjectConfigurationPlatforms) = postSolution
		{B2FF7A69-D0E4-45D1-A104-ADC3BC24E25E}.Debug|Any CPU.ActiveCfg = Debug|Any CPU
		{B2FF7A69-D0E4-45D1-A104-ADC3BC24E25E}.Debug|Any CPU.Build.0 = Debug|Any CPU
		{B2FF7A69-D0E4-45D1-A104-ADC3BC24E25E}.Release|Any CPU.ActiveCfg = Release|Any CPU
		{B2FF7A69-D0E4-45D1-A104-ADC3BC24E25E}.Release|Any CPU.Build.0 = Release|Any CPU
	EndGlobalSection
	GlobalSection(SolutionProperties) = preSolution
		HideSolutionNode = FALSE
	EndGlobalSection
	GlobalSection(ExtensibilityGlobals) = postSolution
		SolutionGuid = {B7870B0C-9A4D-47E0-82BB-7D0EC0155113}
	EndGlobalSection
EndGlobal
